# THIS IS AN AUTOGENERATED FILE. DO NOT EDIT THIS FILE DIRECTLY.
# yarn lockfile v1


create-next-app@^13.4.2:
  version "13.4.2"
  resolved "https://registry.yarnpkg.com/create-next-app/-/create-next-app-13.4.2.tgz#a57d3ae8eaab048d5dd81eb4f2eabc1ab6d2925e"
  integrity sha512-qeqWXmJ+pWUMx36F4P7cStEt1S1efvMj9AGoq3yOX5XPwadKPDw0wfTKo7xQX+3W2Psf3vOo0X3sScER7INSqQ==
